
Microsoft Visual Studio Solution File, Format Version 12.00
# Visual Studio Version 17
VisualStudioVersion = 17.0.31903.59
MinimumVisualStudioVersion = 10.0.40219.1
Project("{FAE04EC0-301F-11D3-BF4B-00C04F79EFBC}") = "StoreMeDaddy", "StoreMeDaddy\StoreMeDaddy.csproj", "{6DAA7E4F-D2D9-4253-A903-8D94F391D9DF}"
EndProject
Project("{FAE04EC0-301F-11D3-BF4B-00C04F79EFBC}") = "StoreMeDaddy.Tests", "StoreMeDaddy.Tests\StoreMeDaddy.Tests.csproj", "{62ef5ad5-991e-435f-8075-72720e0d43e6}"
EndProject
Project("{FAE04EC0-301F-11D3-BF4B-00C04F79EFBC}") = "StuffIt", "StuffIt\StuffIt.csproj", "{4E24676B-77DC-4E49-8249-CA836ABD5487}"
EndProject
Project("{FAE04EC0-301F-11D3-BF4B-00C04F79EFBC}") = "WrapMeDaddy", "WrapMeDaddy\WrapMeDaddy.csproj", "{8FDF1DF8-F29C-4505-ACD6-1B0D6D67E083}"
EndProject
Global
	GlobalSection(SolutionConfigurationPlatforms) = preSolution
		Debug|Any CPU = Debug|Any CPU
		Release|Any CPU = Release|Any CPU
	EndGlobalSection
	GlobalSection(SolutionProperties) = preSolution
		HideSolutionNode = FALSE
	EndGlobalSection
	GlobalSection(ProjectConfigurationPlatforms) = postSolution
		{6DAA7E4F-D2D9-4253-A903-8D94F391D9DF}.Debug|Any CPU.ActiveCfg = Debug|Any CPU
		{6DAA7E4F-D2D9-4253-A903-8D94F391D9DF}.Debug|Any CPU.Build.0 = Debug|Any CPU
		{6DAA7E4F-D2D9-4253-A903-8D94F391D9DF}.Release|Any CPU.ActiveCfg = Release|Any CPU
		{6DAA7E4F-D2D9-4253-A903-8D94F391D9DF}.Release|Any CPU.Build.0 = Release|Any CPU
		{4E24676B-77DC-4E49-8249-CA836ABD5487}.Debug|Any CPU.ActiveCfg = Debug|Any CPU
		{4E24676B-77DC-4E49-8249-CA836ABD5487}.Debug|Any CPU.Build.0 = Debug|Any CPU
		{4E24676B-77DC-4E49-8249-CA836ABD5487}.Release|Any CPU.ActiveCfg = Release|Any CPU
		{4E24676B-77DC-4E49-8249-CA836ABD5487}.Release|Any CPU.Build.0 = Release|Any CPU
		{8FDF1DF8-F29C-4505-ACD6-1B0D6D67E083}.Debug|Any CPU.ActiveCfg = Debug|Any CPU
		{8FDF1DF8-F29C-4505-ACD6-1B0D6D67E083}.Debug|Any CPU.Build.0 = Debug|Any CPU
		{8FDF1DF8-F29C-4505-ACD6-1B0D6D67E083}.Release|Any CPU.ActiveCfg = Release|Any CPU
		{8FDF1DF8-F29C-4505-ACD6-1B0D6D67E083}.Release|Any CPU.Build.0 = Release|Any CPU
	EndGlobalSection
EndGlobal
